
Microsoft Visual Studio Solution File, Format Version 12.00
# Visual Studio Version 17
VisualStudioVersion = 17.1.32421.90
MinimumVisualStudioVersion = 10.0.40219.1
Project("{FAE04EC0-301F-11D3-BF4B-00C04F79EFBC}") = "ArmaReforgerModHelper", "ArmaReforgerModHelper\ArmaReforgerModHelper.csproj", "{D292DBF5-99F0-4588-A550-D1B436968606}"
EndProject
Global
	GlobalSection(SolutionConfigurationPlatforms) = preSolution
		Debug|Any CPU = Debug|Any CPU
		Release|Any CPU = Release|Any CPU
	EndGlobalSection
	GlobalSection(ProjectConfigurationPlatforms) = postSolution
		{D292DBF5-99F0-4588-A550-D1B436968606}.Debug|Any CPU.ActiveCfg = Debug|Any CPU
		{D292DBF5-99F0-4588-A550-D1B436968606}.Debug|Any CPU.Build.0 = Debug|Any CPU
		{D292DBF5-99F0-4588-A550-D1B436968606}.Release|Any CPU.ActiveCfg = Release|Any CPU
		{D292DBF5-99F0-4588-A550-D1B436968606}.Release|Any CPU.Build.0 = Release|Any CPU
	EndGlobalSection
	GlobalSection(SolutionProperties) = preSolution
		HideSolutionNode = FALSE
	EndGlobalSection
	GlobalSection(ExtensibilityGlobals) = postSolution
		SolutionGuid = {13557A76-1D0D-4BF5-A271-110037FBD703}
	EndGlobalSection
EndGlobal
